
Microsoft Visual Studio Solution File, Format Version 12.00
# Visual Studio 15
VisualStudioVersion = 15.0.26730.12
MinimumVisualStudioVersion = 10.0.40219.1
Project("{D954291E-2A0B-460D-934E-DC6B0785DB48}") = "HtmlAgilityPack.Shared", "HtmlAgilityPack.Shared\HtmlAgilityPack.Shared.shproj", "{5BA9A0D7-173F-4C4F-AFFA-3DD6DC2F9A79}"
EndProject
Project("{FAE04EC0-301F-11D3-BF4B-00C04F79EFBC}") = "HtmlAgilityPack.Net20", "HtmlAgilityPack.Net20\HtmlAgilityPack.Net20.csproj", "{193BB801-054F-4729-9D5D-FCE1E32594BF}"
EndProject
Project("{FAE04EC0-301F-11D3-BF4B-00C04F79EFBC}") = "HtmlAgilityPack.Net40", "HtmlAgilityPack.Net40\HtmlAgilityPack.Net40.csproj", "{1028002A-BBE2-4FF2-94B7-A8368A8F6887}"
EndProject
Project("{FAE04EC0-301F-11D3-BF4B-00C04F79EFBC}") = "HtmlAgilityPack.Net45", "HtmlAgilityPack.Net45\HtmlAgilityPack.Net45.csproj", "{8DCFDE1C-263F-41D4-B518-9B7EE06F7D52}"
EndProject
Project("{9A19103F-16F7-4668-BE54-9A1E7A4F7556}") = "HtmlAgilityPack.NetStandard1_3", "HtmlAgilityPack.NetStandard1_3\HtmlAgilityPack.NetStandard1_3.csproj", "{50406DB5-70F6-460F-99BC-5DC6AB00E80A}"
EndProject
Project("{9A19103F-16F7-4668-BE54-9A1E7A4F7556}") = "HtmlAgilityPack.NetStandard1_6", "HtmlAgilityPack.NetStandard1_6\HtmlAgilityPack.NetStandard1_6.csproj", "{FE564F4E-0ED3-47EA-B847-FB87229A382B}"
EndProject
Project("{9A19103F-16F7-4668-BE54-9A1E7A4F7556}") = "HtmlAgilityPack.NetStandard2_0", "HtmlAgilityPack.NetStandard2_0\HtmlAgilityPack.NetStandard2_0.csproj", "{A1C0875B-658B-4655-A574-C79E5245A5A4}"
EndProject
Project("{FAE04EC0-301F-11D3-BF4B-00C04F79EFBC}") = "HtmlAgilityPack.Net40-client", "HtmlAgilityPack.Net40-client\HtmlAgilityPack.Net40-client.csproj", "{28FD0302-1475-49B0-AE56-7712449D2EAF}"
EndProject
Project("{FAE04EC0-301F-11D3-BF4B-00C04F79EFBC}") = "HtmlAgilityPack.Portable-wp8", "HtmlAgilityPack.Portable-wp8\HtmlAgilityPack.Portable-wp8.csproj", "{56BB5DD2-1BA9-42E0-A449-8FB84DA95C6E}"
EndProject
Project("{FAE04EC0-301F-11D3-BF4B-00C04F79EFBC}") = "HtmlAgilityPack.Portable-wp81", "HtmlAgilityPack.Portable-wp81\HtmlAgilityPack.Portable-wp81.csproj", "{49677C78-8F68-41D1-8DA6-3E91BD44AC57}"
EndProject
Project("{FAE04EC0-301F-11D3-BF4B-00C04F79EFBC}") = "HtmlAgilityPack.NetCore45", "HtmlAgilityPack.NetCore45\HtmlAgilityPack.NetCore45.csproj", "{91599A41-D512-44B6-BFB0-6B8748E3BB0E}"
EndProject
Project("{FAE04EC0-301F-11D3-BF4B-00C04F79EFBC}") = "HtmlAgilityPack.UAP10", "HtmlAgilityPack.UAP10\HtmlAgilityPack.UAP10.csproj", "{EEA39F83-F080-4FB0-9471-E103517D0A1C}"
EndProject
Global
	GlobalSection(SharedMSBuildProjectFiles) = preSolution
		HtmlAgilityPack.Shared\HtmlAgilityPack.Shared.projitems*{1028002a-bbe2-4ff2-94b7-a8368a8f6887}*SharedItemsImports = 4
		HtmlAgilityPack.Shared\HtmlAgilityPack.Shared.projitems*{193bb801-054f-4729-9d5d-fce1e32594bf}*SharedItemsImports = 4
		HtmlAgilityPack.Shared\HtmlAgilityPack.Shared.projitems*{28fd0302-1475-49b0-ae56-7712449d2eaf}*SharedItemsImports = 4
		HtmlAgilityPack.Shared\HtmlAgilityPack.Shared.projitems*{49677c78-8f68-41d1-8da6-3e91bd44ac57}*SharedItemsImports = 4
		HtmlAgilityPack.Shared\HtmlAgilityPack.Shared.projitems*{56bb5dd2-1ba9-42e0-a449-8fb84da95c6e}*SharedItemsImports = 4
		HtmlAgilityPack.Shared\HtmlAgilityPack.Shared.projitems*{5ba9a0d7-173f-4c4f-affa-3dd6dc2f9a79}*SharedItemsImports = 13
		HtmlAgilityPack.Shared\HtmlAgilityPack.Shared.projitems*{8dcfde1c-263f-41d4-b518-9b7ee06f7d52}*SharedItemsImports = 4
		HtmlAgilityPack.Shared\HtmlAgilityPack.Shared.projitems*{91599a41-d512-44b6-bfb0-6b8748e3bb0e}*SharedItemsImports = 4
		HtmlAgilityPack.Shared\HtmlAgilityPack.Shared.projitems*{eea39f83-f080-4fb0-9471-e103517d0a1c}*SharedItemsImports = 4
	EndGlobalSection
	GlobalSection(SolutionConfigurationPlatforms) = preSolution
		Debug|Any CPU = Debug|Any CPU
		Debug|ARM = Debug|ARM
		Debug|Mixed Platforms = Debug|Mixed Platforms
		Debug|x64 = Debug|x64
		Debug|x86 = Debug|x86
		Release|Any CPU = Release|Any CPU
		Release|ARM = Release|ARM
		Release|Mixed Platforms = Release|Mixed Platforms
		Release|x64 = Release|x64
		Release|x86 = Release|x86
	EndGlobalSection
	GlobalSection(ProjectConfigurationPlatforms) = postSolution
		{193BB801-054F-4729-9D5D-FCE1E32594BF}.Debug|Any CPU.ActiveCfg = Debug|Any CPU
		{193BB801-054F-4729-9D5D-FCE1E32594BF}.Debug|Any CPU.Build.0 = Debug|Any CPU
		{193BB801-054F-4729-9D5D-FCE1E32594BF}.Debug|ARM.ActiveCfg = Debug|Any CPU
		{193BB801-054F-4729-9D5D-FCE1E32594BF}.Debug|ARM.Build.0 = Debug|Any CPU
		{193BB801-054F-4729-9D5D-FCE1E32594BF}.Debug|Mixed Platforms.ActiveCfg = Debug|Any CPU
		{193BB801-054F-4729-9D5D-FCE1E32594BF}.Debug|Mixed Platforms.Build.0 = Debug|Any CPU
		{193BB801-054F-4729-9D5D-FCE1E32594BF}.Debug|x64.ActiveCfg = Debug|Any CPU
		{193BB801-054F-4729-9D5D-FCE1E32594BF}.Debug|x64.Build.0 = Debug|Any CPU
		{193BB801-054F-4729-9D5D-FCE1E32594BF}.Debug|x86.ActiveCfg = Debug|Any CPU
		{193BB801-054F-4729-9D5D-FCE1E32594BF}.Debug|x86.Build.0 = Debug|Any CPU
		{193BB801-054F-4729-9D5D-FCE1E32594BF}.Release|Any CPU.ActiveCfg = Release|Any CPU
		{193BB801-054F-4729-9D5D-FCE1E32594BF}.Release|Any CPU.Build.0 = Release|Any CPU
		{193BB801-054F-4729-9D5D-FCE1E32594BF}.Release|ARM.ActiveCfg = Release|Any CPU
		{193BB801-054F-4729-9D5D-FCE1E32594BF}.Release|ARM.Build.0 = Release|Any CPU
		{193BB801-054F-4729-9D5D-FCE1E32594BF}.Release|Mixed Platforms.ActiveCfg = Release|Any CPU
		{193BB801-054F-4729-9D5D-FCE1E32594BF}.Release|Mixed Platforms.Build.0 = Release|Any CPU
		{193BB801-054F-4729-9D5D-FCE1E32594BF}.Release|x64.ActiveCfg = Release|Any CPU
		{193BB801-054F-4729-9D5D-FCE1E32594BF}.Release|x64.Build.0 = Release|Any CPU
		{193BB801-054F-4729-9D5D-FCE1E32594BF}.Release|x86.ActiveCfg = Release|Any CPU
		{193BB801-054F-4729-9D5D-FCE1E32594BF}.Release|x86.Build.0 = Release|Any CPU
		{1028002A-BBE2-4FF2-94B7-A8368A8F6887}.Debug|Any CPU.ActiveCfg = Debug|Any CPU
		{1028002A-BBE2-4FF2-94B7-A8368A8F6887}.Debug|Any CPU.Build.0 = Debug|Any CPU
		{1028002A-BBE2-4FF2-94B7-A8368A8F6887}.Debug|ARM.ActiveCfg = Debug|Any CPU
		{1028002A-BBE2-4FF2-94B7-A8368A8F6887}.Debug|ARM.Build.0 = Debug|Any CPU
		{1028002A-BBE2-4FF2-94B7-A8368A8F6887}.Debug|Mixed Platforms.ActiveCfg = Debug|Any CPU
		{1028002A-BBE2-4FF2-94B7-A8368A8F6887}.Debug|Mixed Platforms.Build.0 = Debug|Any CPU
		{1028002A-BBE2-4FF2-94B7-A8368A8F6887}.Debug|x64.ActiveCfg = Debug|Any CPU
		{1028002A-BBE2-4FF2-94B7-A8368A8F6887}.Debug|x64.Build.0 = Debug|Any CPU
		{1028002A-BBE2-4FF2-94B7-A8368A8F6887}.Debug|x86.ActiveCfg = Debug|Any CPU
		{1028002A-BBE2-4FF2-94B7-A8368A8F6887}.Debug|x86.Build.0 = Debug|Any CPU
		{1028002A-BBE2-4FF2-94B7-A8368A8F6887}.Release|Any CPU.ActiveCfg = Release|Any CPU
		{1028002A-BBE2-4FF2-94B7-A8368A8F6887}.Release|Any CPU.Build.0 = Release|Any CPU
		{1028002A-BBE2-4FF2-94B7-A8368A8F6887}.Release|ARM.ActiveCfg = Release|Any CPU
		{1028002A-BBE2-4FF2-94B7-A8368A8F6887}.Release|ARM.Build.0 = Release|Any CPU
		{1028002A-BBE2-4FF2-94B7-A8368A8F6887}.Release|Mixed Platforms.ActiveCfg = Release|Any CPU
		{1028002A-BBE2-4FF2-94B7-A8368A8F6887}.Release|Mixed Platforms.Build.0 = Release|Any CPU
		{1028002A-BBE2-4FF2-94B7-A8368A8F6887}.Release|x64.ActiveCfg = Release|Any CPU
		{1028002A-BBE2-4FF2-94B7-A8368A8F6887}.Release|x64.Build.0 = Release|Any CPU
		{1028002A-BBE2-4FF2-94B7-A8368A8F6887}.Release|x86.ActiveCfg = Release|Any CPU
		{1028002A-BBE2-4FF2-94B7-A8368A8F6887}.Release|x86.Build.0 = Release|Any CPU
		{8DCFDE1C-263F-41D4-B518-9B7EE06F7D52}.Debug|Any CPU.ActiveCfg = Debug|Any CPU
		{8DCFDE1C-263F-41D4-B518-9B7EE06F7D52}.Debug|Any CPU.Build.0 = Debug|Any CPU
		{8DCFDE1C-263F-41D4-B518-9B7EE06F7D52}.Debug|ARM.ActiveCfg = Debug|Any CPU
		{8DCFDE1C-263F-41D4-B518-9B7EE06F7D52}.Debug|ARM.Build.0 = Debug|Any CPU
		{8DCFDE1C-263F-41D4-B518-9B7EE06F7D52}.Debug|Mixed Platforms.ActiveCfg = Debug|Any CPU
		{8DCFDE1C-263F-41D4-B518-9B7EE06F7D52}.Debug|Mixed Platforms.Build.0 = Debug|Any CPU
		{8DCFDE1C-263F-41D4-B518-9B7EE06F7D52}.Debug|x64.ActiveCfg = Debug|Any CPU
		{8DCFDE1C-263F-41D4-B518-9B7EE06F7D52}.Debug|x64.Build.0 = Debug|Any CPU
		{8DCFDE1C-263F-41D4-B518-9B7EE06F7D52}.Debug|x86.ActiveCfg = Debug|Any CPU
		{8DCFDE1C-263F-41D4-B518-9B7EE06F7D52}.Debug|x86.Build.0 = Debug|Any CPU
		{8DCFDE1C-263F-41D4-B518-9B7EE06F7D52}.Release|Any CPU.ActiveCfg = Release|Any CPU
		{8DCFDE1C-263F-41D4-B518-9B7EE06F7D52}.Release|Any CPU.Build.0 = Release|Any CPU
		{8DCFDE1C-263F-41D4-B518-9B7EE06F7D52}.Release|ARM.ActiveCfg = Release|Any CPU
		{8DCFDE1C-263F-41D4-B518-9B7EE06F7D52}.Release|ARM.Build.0 = Release|Any CPU
		{8DCFDE1C-263F-41D4-B518-9B7EE06F7D52}.Release|Mixed Platforms.ActiveCfg = Release|Any CPU
		{8DCFDE1C-263F-41D4-B518-9B7EE06F7D52}.Release|Mixed Platforms.Build.0 = Release|Any CPU
		{8DCFDE1C-263F-41D4-B518-9B7EE06F7D52}.Release|x64.ActiveCfg = Release|Any CPU
		{8DCFDE1C-263F-41D4-B518-9B7EE06F7D52}.Release|x64.Build.0 = Release|Any CPU
		{8DCFDE1C-263F-41D4-B518-9B7EE06F7D52}.Release|x86.ActiveCfg = Release|Any CPU
		{8DCFDE1C-263F-41D4-B518-9B7EE06F7D52}.Release|x86.Build.0 = Release|Any CPU
		{50406DB5-70F6-460F-99BC-5DC6AB00E80A}.Debug|Any CPU.ActiveCfg = Debug|Any CPU
		{50406DB5-70F6-460F-99BC-5DC6AB00E80A}.Debug|Any CPU.Build.0 = Debug|Any CPU
		{50406DB5-70F6-460F-99BC-5DC6AB00E80A}.Debug|ARM.ActiveCfg = Debug|Any CPU
		{50406DB5-70F6-460F-99BC-5DC6AB00E80A}.Debug|ARM.Build.0 = Debug|Any CPU
		{50406DB5-70F6-460F-99BC-5DC6AB00E80A}.Debug|Mixed Platforms.ActiveCfg = Debug|Any CPU
		{50406DB5-70F6-460F-99BC-5DC6AB00E80A}.Debug|Mixed Platforms.Build.0 = Debug|Any CPU
		{50406DB5-70F6-460F-99BC-5DC6AB00E80A}.Debug|x64.ActiveCfg = Debug|Any CPU
		{50406DB5-70F6-460F-99BC-5DC6AB00E80A}.Debug|x64.Build.0 = Debug|Any CPU
		{50406DB5-70F6-460F-99BC-5DC6AB00E80A}.Debug|x86.ActiveCfg = Debug|Any CPU
		{50406DB5-70F6-460F-99BC-5DC6AB00E80A}.Debug|x86.Build.0 = Debug|Any CPU
		{50406DB5-70F6-460F-99BC-5DC6AB00E80A}.Release|Any CPU.ActiveCfg = Release|Any CPU
		{50406DB5-70F6-460F-99BC-5DC6AB00E80A}.Release|Any CPU.Build.0 = Release|Any CPU
		{50406DB5-70F6-460F-99BC-5DC6AB00E80A}.Release|ARM.ActiveCfg = Release|Any CPU
		{50406DB5-70F6-460F-99BC-5DC6AB00E80A}.Release|ARM.Build.0 = Release|Any CPU
		{50406DB5-70F6-460F-99BC-5DC6AB00E80A}.Release|Mixed Platforms.ActiveCfg = Release|Any CPU
		{50406DB5-70F6-460F-99BC-5DC6AB00E80A}.Release|Mixed Platforms.Build.0 = Release|Any CPU
		{50406DB5-70F6-460F-99BC-5DC6AB00E80A}.Release|x64.ActiveCfg = Release|Any CPU
		{50406DB5-70F6-460F-99BC-5DC6AB00E80A}.Release|x64.Build.0 = Release|Any CPU
		{50406DB5-70F6-460F-99BC-5DC6AB00E80A}.Release|x86.ActiveCfg = Release|Any CPU
		{50406DB5-70F6-460F-99BC-5DC6AB00E80A}.Release|x86.Build.0 = Release|Any CPU
		{FE564F4E-0ED3-47EA-B847-FB87229A382B}.Debug|Any CPU.ActiveCfg = Debug|Any CPU
		{FE564F4E-0ED3-47EA-B847-FB87229A382B}.Debug|Any CPU.Build.0 = Debug|Any CPU
		{FE564F4E-0ED3-47EA-B847-FB87229A382B}.Debug|ARM.ActiveCfg = Debug|Any CPU
		{FE564F4E-0ED3-47EA-B847-FB87229A382B}.Debug|ARM.Build.0 = Debug|Any CPU
		{FE564F4E-0ED3-47EA-B847-FB87229A382B}.Debug|Mixed Platforms.ActiveCfg = Debug|Any CPU
		{FE564F4E-0ED3-47EA-B847-FB87229A382B}.Debug|Mixed Platforms.Build.0 = Debug|Any CPU
		{FE564F4E-0ED3-47EA-B847-FB87229A382B}.Debug|x64.ActiveCfg = Debug|Any CPU
		{FE564F4E-0ED3-47EA-B847-FB87229A382B}.Debug|x64.Build.0 = Debug|Any CPU
		{FE564F4E-0ED3-47EA-B847-FB87229A382B}.Debug|x86.ActiveCfg = Debug|Any CPU
		{FE564F4E-0ED3-47EA-B847-FB87229A382B}.Debug|x86.Build.0 = Debug|Any CPU
		{FE564F4E-0ED3-47EA-B847-FB87229A382B}.Release|Any CPU.ActiveCfg = Release|Any CPU
		{FE564F4E-0ED3-47EA-B847-FB87229A382B}.Release|Any CPU.Build.0 = Release|Any CPU
		{FE564F4E-0ED3-47EA-B847-FB87229A382B}.Release|ARM.ActiveCfg = Release|Any CPU
		{FE564F4E-0ED3-47EA-B847-FB87229A382B}.Release|ARM.Build.0 = Release|Any CPU
		{FE564F4E-0ED3-47EA-B847-FB87229A382B}.Release|Mixed Platforms.ActiveCfg = Release|Any CPU
		{FE564F4E-0ED3-47EA-B847-FB87229A382B}.Release|Mixed Platforms.Build.0 = Release|Any CPU
		{FE564F4E-0ED3-47EA-B847-FB87229A382B}.Release|x64.ActiveCfg = Release|Any CPU
		{FE564F4E-0ED3-47EA-B847-FB87229A382B}.Release|x64.Build.0 = Release|Any CPU
		{FE564F4E-0ED3-47EA-B847-FB87229A382B}.Release|x86.ActiveCfg = Release|Any CPU
		{FE564F4E-0ED3-47EA-B847-FB87229A382B}.Release|x86.Build.0 = Release|Any CPU
		{A1C0875B-658B-4655-A574-C79E5245A5A4}.Debug|Any CPU.ActiveCfg = Debug|Any CPU
		{A1C0875B-658B-4655-A574-C79E5245A5A4}.Debug|Any CPU.Build.0 = Debug|Any CPU
		{A1C0875B-658B-4655-A574-C79E5245A5A4}.Debug|ARM.ActiveCfg = Debug|Any CPU
		{A1C0875B-658B-4655-A574-C79E5245A5A4}.Debug|ARM.Build.0 = Debug|Any CPU
		{A1C0875B-658B-4655-A574-C79E5245A5A4}.Debug|Mixed Platforms.ActiveCfg = Debug|Any CPU
		{A1C0875B-658B-4655-A574-C79E5245A5A4}.Debug|Mixed Platforms.Build.0 = Debug|Any CPU
		{A1C0875B-658B-4655-A574-C79E5245A5A4}.Debug|x64.ActiveCfg = Debug|Any CPU
		{A1C0875B-658B-4655-A574-C79E5245A5A4}.Debug|x64.Build.0 = Debug|Any CPU
		{A1C0875B-658B-4655-A574-C79E5245A5A4}.Debug|x86.ActiveCfg = Debug|Any CPU
		{A1C0875B-658B-4655-A574-C79E5245A5A4}.Debug|x86.Build.0 = Debug|Any CPU
		{A1C0875B-658B-4655-A574-C79E5245A5A4}.Release|Any CPU.ActiveCfg = Release|Any CPU
		{A1C0875B-658B-4655-A574-C79E5245A5A4}.Release|Any CPU.Build.0 = Release|Any CPU
		{A1C0875B-658B-4655-A574-C79E5245A5A4}.Release|ARM.ActiveCfg = Release|Any CPU
		{A1C0875B-658B-4655-A574-C79E5245A5A4}.Release|ARM.Build.0 = Release|Any CPU
		{A1C0875B-658B-4655-A574-C79E5245A5A4}.Release|Mixed Platforms.ActiveCfg = Release|Any CPU
		{A1C0875B-658B-4655-A574-C79E5245A5A4}.Release|Mixed Platforms.Build.0 = Release|Any CPU
		{A1C0875B-658B-4655-A574-C79E5245A5A4}.Release|x64.ActiveCfg = Release|Any CPU
		{A1C0875B-658B-4655-A574-C79E5245A5A4}.Release|x64.Build.0 = Release|Any CPU
		{A1C0875B-658B-4655-A574-C79E5245A5A4}.Release|x86.ActiveCfg = Release|Any CPU
		{A1C0875B-658B-4655-A574-C79E5245A5A4}.Release|x86.Build.0 = Release|Any CPU
		{28FD0302-1475-49B0-AE56-7712449D2EAF}.Debug|Any CPU.ActiveCfg = Debug|Any CPU
		{28FD0302-1475-49B0-AE56-7712449D2EAF}.Debug|Any CPU.Build.0 = Debug|Any CPU
		{28FD0302-1475-49B0-AE56-7712449D2EAF}.Debug|ARM.ActiveCfg = Debug|Any CPU
		{28FD0302-1475-49B0-AE56-7712449D2EAF}.Debug|ARM.Build.0 = Debug|Any CPU
		{28FD0302-1475-49B0-AE56-7712449D2EAF}.Debug|Mixed Platforms.ActiveCfg = Debug|Any CPU
		{28FD0302-1475-49B0-AE56-7712449D2EAF}.Debug|Mixed Platforms.Build.0 = Debug|Any CPU
		{28FD0302-1475-49B0-AE56-7712449D2EAF}.Debug|x64.ActiveCfg = Debug|Any CPU
		{28FD0302-1475-49B0-AE56-7712449D2EAF}.Debug|x64.Build.0 = Debug|Any CPU
		{28FD0302-1475-49B0-AE56-7712449D2EAF}.Debug|x86.ActiveCfg = Debug|Any CPU
		{28FD0302-1475-49B0-AE56-7712449D2EAF}.Debug|x86.Build.0 = Debug|Any CPU
		{28FD0302-1475-49B0-AE56-7712449D2EAF}.Release|Any CPU.ActiveCfg = Release|Any CPU
		{28FD0302-1475-49B0-AE56-7712449D2EAF}.Release|Any CPU.Build.0 = Release|Any CPU
		{28FD0302-1475-49B0-AE56-7712449D2EAF}.Release|ARM.ActiveCfg = Release|Any CPU
		{28FD0302-1475-49B0-AE56-7712449D2EAF}.Release|ARM.Build.0 = Release|Any CPU
		{28FD0302-1475-49B0-AE56-7712449D2EAF}.Release|Mixed Platforms.ActiveCfg = Release|Any CPU
		{28FD0302-1475-49B0-AE56-7712449D2EAF}.Release|Mixed Platforms.Build.0 = Release|Any CPU
		{28FD0302-1475-49B0-AE56-7712449D2EAF}.Release|x64.ActiveCfg = Release|Any CPU
		{28FD0302-1475-49B0-AE56-7712449D2EAF}.Release|x64.Build.0 = Release|Any CPU
		{28FD0302-1475-49B0-AE56-7712449D2EAF}.Release|x86.ActiveCfg = Release|Any CPU
		{28FD0302-1475-49B0-AE56-7712449D2EAF}.Release|x86.Build.0 = Release|Any CPU
		{56BB5DD2-1BA9-42E0-A449-8FB84DA95C6E}.Debug|Any CPU.ActiveCfg = Debug|Any CPU
		{56BB5DD2-1BA9-42E0-A449-8FB84DA95C6E}.Debug|Any CPU.Build.0 = Debug|Any CPU
		{56BB5DD2-1BA9-42E0-A449-8FB84DA95C6E}.Debug|ARM.ActiveCfg = Debug|Any CPU
		{56BB5DD2-1BA9-42E0-A449-8FB84DA95C6E}.Debug|ARM.Build.0 = Debug|Any CPU
		{56BB5DD2-1BA9-42E0-A449-8FB84DA95C6E}.Debug|Mixed Platforms.ActiveCfg = Debug|Any CPU
		{56BB5DD2-1BA9-42E0-A449-8FB84DA95C6E}.Debug|Mixed Platforms.Build.0 = Debug|Any CPU
		{56BB5DD2-1BA9-42E0-A449-8FB84DA95C6E}.Debug|x64.ActiveCfg = Debug|Any CPU
		{56BB5DD2-1BA9-42E0-A449-8FB84DA95C6E}.Debug|x64.Build.0 = Debug|Any CPU
		{56BB5DD2-1BA9-42E0-A449-8FB84DA95C6E}.Debug|x86.ActiveCfg = Debug|Any CPU
		{56BB5DD2-1BA9-42E0-A449-8FB84DA95C6E}.Debug|x86.Build.0 = Debug|Any CPU
		{56BB5DD2-1BA9-42E0-A449-8FB84DA95C6E}.Release|Any CPU.ActiveCfg = Release|Any CPU
		{56BB5DD2-1BA9-42E0-A449-8FB84DA95C6E}.Release|Any CPU.Build.0 = Release|Any CPU
		{56BB5DD2-1BA9-42E0-A449-8FB84DA95C6E}.Release|ARM.ActiveCfg = Release|Any CPU
		{56BB5DD2-1BA9-42E0-A449-8FB84DA95C6E}.Release|ARM.Build.0 = Release|Any CPU
		{56BB5DD2-1BA9-42E0-A449-8FB84DA95C6E}.Release|Mixed Platforms.ActiveCfg = Release|Any CPU
		{56BB5DD2-1BA9-42E0-A449-8FB84DA95C6E}.Release|Mixed Platforms.Build.0 = Release|Any CPU
		{56BB5DD2-1BA9-42E0-A449-8FB84DA95C6E}.Release|x64.ActiveCfg = Release|Any CPU
		{56BB5DD2-1BA9-42E0-A449-8FB84DA95C6E}.Release|x64.Build.0 = Release|Any CPU
		{56BB5DD2-1BA9-42E0-A449-8FB84DA95C6E}.Release|x86.ActiveCfg = Release|Any CPU
		{56BB5DD2-1BA9-42E0-A449-8FB84DA95C6E}.Release|x86.Build.0 = Release|Any CPU
		{49677C78-8F68-41D1-8DA6-3E91BD44AC57}.Debug|Any CPU.ActiveCfg = Debug|Any CPU
		{49677C78-8F68-41D1-8DA6-3E91BD44AC57}.Debug|Any CPU.Build.0 = Debug|Any CPU
		{49677C78-8F68-41D1-8DA6-3E91BD44AC57}.Debug|ARM.ActiveCfg = Debug|Any CPU
		{49677C78-8F68-41D1-8DA6-3E91BD44AC57}.Debug|ARM.Build.0 = Debug|Any CPU
		{49677C78-8F68-41D1-8DA6-3E91BD44AC57}.Debug|Mixed Platforms.ActiveCfg = Debug|Any CPU
		{49677C78-8F68-41D1-8DA6-3E91BD44AC57}.Debug|Mixed Platforms.Build.0 = Debug|Any CPU
		{49677C78-8F68-41D1-8DA6-3E91BD44AC57}.Debug|x64.ActiveCfg = Debug|Any CPU
		{49677C78-8F68-41D1-8DA6-3E91BD44AC57}.Debug|x64.Build.0 = Debug|Any CPU
		{49677C78-8F68-41D1-8DA6-3E91BD44AC57}.Debug|x86.ActiveCfg = Debug|Any CPU
		{49677C78-8F68-41D1-8DA6-3E91BD44AC57}.Debug|x86.Build.0 = Debug|Any CPU
		{49677C78-8F68-41D1-8DA6-3E91BD44AC57}.Release|Any CPU.ActiveCfg = Release|Any CPU
		{49677C78-8F68-41D1-8DA6-3E91BD44AC57}.Release|Any CPU.Build.0 = Release|Any CPU
		{49677C78-8F68-41D1-8DA6-3E91BD44AC57}.Release|ARM.ActiveCfg = Release|Any CPU
		{49677C78-8F68-41D1-8DA6-3E91BD44AC57}.Release|ARM.Build.0 = Release|Any CPU
		{49677C78-8F68-41D1-8DA6-3E91BD44AC57}.Release|Mixed Platforms.ActiveCfg = Release|Any CPU
		{49677C78-8F68-41D1-8DA6-3E91BD44AC57}.Release|Mixed Platforms.Build.0 = Release|Any CPU
		{49677C78-8F68-41D1-8DA6-3E91BD44AC57}.Release|x64.ActiveCfg = Release|Any CPU
		{49677C78-8F68-41D1-8DA6-3E91BD44AC57}.Release|x64.Build.0 = Release|Any CPU
		{49677C78-8F68-41D1-8DA6-3E91BD44AC57}.Release|x86.ActiveCfg = Release|Any CPU
		{49677C78-8F68-41D1-8DA6-3E91BD44AC57}.Release|x86.Build.0 = Release|Any CPU
		{91599A41-D512-44B6-BFB0-6B8748E3BB0E}.Debug|Any CPU.ActiveCfg = Debug|Any CPU
		{91599A41-D512-44B6-BFB0-6B8748E3BB0E}.Debug|Any CPU.Build.0 = Debug|Any CPU
		{91599A41-D512-44B6-BFB0-6B8748E3BB0E}.Debug|ARM.ActiveCfg = Debug|Any CPU
		{91599A41-D512-44B6-BFB0-6B8748E3BB0E}.Debug|ARM.Build.0 = Debug|Any CPU
		{91599A41-D512-44B6-BFB0-6B8748E3BB0E}.Debug|Mixed Platforms.ActiveCfg = Debug|Any CPU
		{91599A41-D512-44B6-BFB0-6B8748E3BB0E}.Debug|Mixed Platforms.Build.0 = Debug|Any CPU
		{91599A41-D512-44B6-BFB0-6B8748E3BB0E}.Debug|x64.ActiveCfg = Debug|Any CPU
		{91599A41-D512-44B6-BFB0-6B8748E3BB0E}.Debug|x64.Build.0 = Debug|Any CPU
		{91599A41-D512-44B6-BFB0-6B8748E3BB0E}.Debug|x86.ActiveCfg = Debug|Any CPU
		{91599A41-D512-44B6-BFB0-6B8748E3BB0E}.Debug|x86.Build.0 = Debug|Any CPU
		{91599A41-D512-44B6-BFB0-6B8748E3BB0E}.Release|Any CPU.ActiveCfg = Release|Any CPU
		{91599A41-D512-44B6-BFB0-6B8748E3BB0E}.Release|Any CPU.Build.0 = Release|Any CPU
		{91599A41-D512-44B6-BFB0-6B8748E3BB0E}.Release|ARM.ActiveCfg = Release|Any CPU
		{91599A41-D512-44B6-BFB0-6B8748E3BB0E}.Release|ARM.Build.0 = Release|Any CPU
		{91599A41-D512-44B6-BFB0-6B8748E3BB0E}.Release|Mixed Platforms.ActiveCfg = Release|Any CPU
		{91599A41-D512-44B6-BFB0-6B8748E3BB0E}.Release|Mixed Platforms.Build.0 = Release|Any CPU
		{91599A41-D512-44B6-BFB0-6B8748E3BB0E}.Release|x64.ActiveCfg = Release|Any CPU
		{91599A41-D512-44B6-BFB0-6B8748E3BB0E}.Release|x64.Build.0 = Release|Any CPU
		{91599A41-D512-44B6-BFB0-6B8748E3BB0E}.Release|x86.ActiveCfg = Release|Any CPU
		{91599A41-D512-44B6-BFB0-6B8748E3BB0E}.Release|x86.Build.0 = Release|Any CPU
		{EEA39F83-F080-4FB0-9471-E103517D0A1C}.Debug|Any CPU.ActiveCfg = Debug|Any CPU
		{EEA39F83-F080-4FB0-9471-E103517D0A1C}.Debug|Any CPU.Build.0 = Debug|Any CPU
		{EEA39F83-F080-4FB0-9471-E103517D0A1C}.Debug|ARM.ActiveCfg = Debug|ARM
		{EEA39F83-F080-4FB0-9471-E103517D0A1C}.Debug|ARM.Build.0 = Debug|ARM
		{EEA39F83-F080-4FB0-9471-E103517D0A1C}.Debug|Mixed Platforms.ActiveCfg = Debug|x86
		{EEA39F83-F080-4FB0-9471-E103517D0A1C}.Debug|Mixed Platforms.Build.0 = Debug|x86
		{EEA39F83-F080-4FB0-9471-E103517D0A1C}.Debug|x64.ActiveCfg = Debug|x64
		{EEA39F83-F080-4FB0-9471-E103517D0A1C}.Debug|x64.Build.0 = Debug|x64
		{EEA39F83-F080-4FB0-9471-E103517D0A1C}.Debug|x86.ActiveCfg = Debug|x86
		{EEA39F83-F080-4FB0-9471-E103517D0A1C}.Debug|x86.Build.0 = Debug|x86
		{EEA39F83-F080-4FB0-9471-E103517D0A1C}.Release|Any CPU.ActiveCfg = Release|Any CPU
		{EEA39F83-F080-4FB0-9471-E103517D0A1C}.Release|Any CPU.Build.0 = Release|Any CPU
		{EEA39F83-F080-4FB0-9471-E103517D0A1C}.Release|ARM.ActiveCfg = Release|ARM
		{EEA39F83-F080-4FB0-9471-E103517D0A1C}.Release|ARM.Build.0 = Release|ARM
		{EEA39F83-F080-4FB0-9471-E103517D0A1C}.Release|Mixed Platforms.ActiveCfg = Release|x86
		{EEA39F83-F080-4FB0-9471-E103517D0A1C}.Release|Mixed Platforms.Build.0 = Release|x86
		{EEA39F83-F080-4FB0-9471-E103517D0A1C}.Release|x64.ActiveCfg = Release|x64
		{EEA39F83-F080-4FB0-9471-E103517D0A1C}.Release|x64.Build.0 = Release|x64
		{EEA39F83-F080-4FB0-9471-E103517D0A1C}.Release|x86.ActiveCfg = Release|x86
		{EEA39F83-F080-4FB0-9471-E103517D0A1C}.Release|x86.Build.0 = Release|x86
	EndGlobalSection
	GlobalSection(SolutionProperties) = preSolution
		HideSolutionNode = FALSE
	EndGlobalSection
	GlobalSection(ExtensibilityGlobals) = postSolution
		SolutionGuid = {74AE93B4-07A9-4C60-8D51-A6DEC6924376}
	EndGlobalSection
EndGlobal
