Microsoft Visual Studio Solution File, Format Version 11.00
# Visual Studio 2010
Project("{FAE04EC0-301F-11D3-BF4B-00C04F79EFBC}") = "HAPPhone.7.1", "..\HAPPhone.7.1\HAPPhone.7.1.csproj", "{3DA565DD-55B2-422B-B2AB-64E35F926E93}"
EndProject
Project("{FAE04EC0-301F-11D3-BF4B-00C04F79EFBC}") = "HAPPhoneTest.7.1", "..\HAPPhoneTest.7.1\HAPPhoneTest.7.1.csproj", "{D3111192-22C4-4FF8-940A-661AFAA95CBD}"
EndProject
Global
	GlobalSection(SolutionConfigurationPlatforms) = preSolution
		Debug|Any CPU = Debug|Any CPU
		Debug|Mixed Platforms = Debug|Mixed Platforms
		Debug|x86 = Debug|x86
		Release|Any CPU = Release|Any CPU
		Release|Mixed Platforms = Release|Mixed Platforms
		Release|x86 = Release|x86
	EndGlobalSection
	GlobalSection(ProjectConfigurationPlatforms) = postSolution
		{3DA565DD-55B2-422B-B2AB-64E35F926E93}.Debug|Any CPU.ActiveCfg = Debug|Any CPU
		{3DA565DD-55B2-422B-B2AB-64E35F926E93}.Debug|Any CPU.Build.0 = Debug|Any CPU
		{3DA565DD-55B2-422B-B2AB-64E35F926E93}.Debug|Mixed Platforms.ActiveCfg = Debug|Any CPU
		{3DA565DD-55B2-422B-B2AB-64E35F926E93}.Debug|Mixed Platforms.Build.0 = Debug|Any CPU
		{3DA565DD-55B2-422B-B2AB-64E35F926E93}.Debug|x86.ActiveCfg = Debug|Any CPU
		{3DA565DD-55B2-422B-B2AB-64E35F926E93}.Release|Any CPU.ActiveCfg = Release|Any CPU
		{3DA565DD-55B2-422B-B2AB-64E35F926E93}.Release|Any CPU.Build.0 = Release|Any CPU
		{3DA565DD-55B2-422B-B2AB-64E35F926E93}.Release|Mixed Platforms.ActiveCfg = Release|Any CPU
		{3DA565DD-55B2-422B-B2AB-64E35F926E93}.Release|Mixed Platforms.Build.0 = Release|Any CPU
		{3DA565DD-55B2-422B-B2AB-64E35F926E93}.Release|x86.ActiveCfg = Release|Any CPU
		{D3111192-22C4-4FF8-940A-661AFAA95CBD}.Debug|Any CPU.ActiveCfg = Debug|Any CPU
		{D3111192-22C4-4FF8-940A-661AFAA95CBD}.Debug|Any CPU.Build.0 = Debug|Any CPU
		{D3111192-22C4-4FF8-940A-661AFAA95CBD}.Debug|Any CPU.Deploy.0 = Debug|Any CPU
		{D3111192-22C4-4FF8-940A-661AFAA95CBD}.Debug|Mixed Platforms.ActiveCfg = Debug|Any CPU
		{D3111192-22C4-4FF8-940A-661AFAA95CBD}.Debug|Mixed Platforms.Build.0 = Debug|Any CPU
		{D3111192-22C4-4FF8-940A-661AFAA95CBD}.Debug|Mixed Platforms.Deploy.0 = Debug|Any CPU
		{D3111192-22C4-4FF8-940A-661AFAA95CBD}.Debug|x86.ActiveCfg = Debug|Any CPU
		{D3111192-22C4-4FF8-940A-661AFAA95CBD}.Release|Any CPU.ActiveCfg = Release|Any CPU
		{D3111192-22C4-4FF8-940A-661AFAA95CBD}.Release|Any CPU.Build.0 = Release|Any CPU
		{D3111192-22C4-4FF8-940A-661AFAA95CBD}.Release|Any CPU.Deploy.0 = Release|Any CPU
		{D3111192-22C4-4FF8-940A-661AFAA95CBD}.Release|Mixed Platforms.ActiveCfg = Release|Any CPU
		{D3111192-22C4-4FF8-940A-661AFAA95CBD}.Release|Mixed Platforms.Build.0 = Release|Any CPU
		{D3111192-22C4-4FF8-940A-661AFAA95CBD}.Release|Mixed Platforms.Deploy.0 = Release|Any CPU
		{D3111192-22C4-4FF8-940A-661AFAA95CBD}.Release|x86.ActiveCfg = Release|Any CPU
	EndGlobalSection
	GlobalSection(SolutionProperties) = preSolution
		HideSolutionNode = FALSE
	EndGlobalSection
EndGlobal
