
Microsoft Visual Studio Solution File, Format Version 12.00
# Visual Studio 2013
VisualStudioVersion = 12.0.30501.0
MinimumVisualStudioVersion = 10.0.40219.1
Project("{FAE04EC0-301F-11D3-BF4B-00C04F79EFBC}") = "HtmlAgilityPack.fx.4.5", "..\HtmlAgilityPack\HtmlAgilityPack.fx.4.5.csproj", "{1028002A-BBE2-4FF2-94B7-A8368A8F6887}"
EndProject
Project("{FAE04EC0-301F-11D3-BF4B-00C04F79EFBC}") = "HAPPortable", "..\HAPPortable\HAPPortable.csproj", "{56BB5DD2-1BA9-42E0-A449-8FB84DA95C6E}"
EndProject
Global
	GlobalSection(SolutionConfigurationPlatforms) = preSolution
		Debug|Any CPU = Debug|Any CPU
		Release|Any CPU = Release|Any CPU
	EndGlobalSection
	GlobalSection(ProjectConfigurationPlatforms) = postSolution
		{1028002A-BBE2-4FF2-94B7-A8368A8F6887}.Debug|Any CPU.ActiveCfg = Debug|Any CPU
		{1028002A-BBE2-4FF2-94B7-A8368A8F6887}.Debug|Any CPU.Build.0 = Debug|Any CPU
		{1028002A-BBE2-4FF2-94B7-A8368A8F6887}.Release|Any CPU.ActiveCfg = Release|Any CPU
		{1028002A-BBE2-4FF2-94B7-A8368A8F6887}.Release|Any CPU.Build.0 = Release|Any CPU
		{56BB5DD2-1BA9-42E0-A449-8FB84DA95C6E}.Debug|Any CPU.ActiveCfg = Debug|Any CPU
		{56BB5DD2-1BA9-42E0-A449-8FB84DA95C6E}.Debug|Any CPU.Build.0 = Debug|Any CPU
		{56BB5DD2-1BA9-42E0-A449-8FB84DA95C6E}.Release|Any CPU.ActiveCfg = Release|Any CPU
		{56BB5DD2-1BA9-42E0-A449-8FB84DA95C6E}.Release|Any CPU.Build.0 = Release|Any CPU
	EndGlobalSection
	GlobalSection(SolutionProperties) = preSolution
		HideSolutionNode = FALSE
	EndGlobalSection
EndGlobal
