
Microsoft Visual Studio Solution File, Format Version 12.00
# Visual Studio 14
VisualStudioVersion = 14.0.24720.0
MinimumVisualStudioVersion = 10.0.40219.1
Project("{FAE04EC0-301F-11D3-BF4B-00C04F79EFBC}") = "HtmlAgilityPack", "..\HtmlAgilityPack\HtmlAgilityPack.csproj", "{193BB801-054F-4729-9D5D-FCE1E32594BF}"
EndProject
Project("{FAE04EC0-301F-11D3-BF4B-00C04F79EFBC}") = "HtmlAgilityPack.fx.4.0", "..\HtmlAgilityPack\HtmlAgilityPack.fx.4.0.csproj", "{1028002A-BBE2-4FF2-94B7-A8368A8F6887}"
EndProject
Project("{FAE04EC0-301F-11D3-BF4B-00C04F79EFBC}") = "HtmlAgilityPack.fx.4.0-CP", "..\HtmlAgilityPack\HtmlAgilityPack.fx.4.0-CP.csproj", "{28FD0302-1475-49B0-AE56-7712449D2EAF}"
EndProject
Project("{FAE04EC0-301F-11D3-BF4B-00C04F79EFBC}") = "HAPLight.5.0", "..\HAPLight\HAPLight.5.0.csproj", "{583C56E1-C46A-43AD-BB37-DE2209432126}"
EndProject
Project("{FAE04EC0-301F-11D3-BF4B-00C04F79EFBC}") = "HAPPortable", "..\HAPPortable\HAPPortable.csproj", "{56BB5DD2-1BA9-42E0-A449-8FB84DA95C6E}"
EndProject
Global
	GlobalSection(SolutionConfigurationPlatforms) = preSolution
		Debug|Any CPU = Debug|Any CPU
		Debug|Mixed Platforms = Debug|Mixed Platforms
		Debug|x86 = Debug|x86
		Release|Any CPU = Release|Any CPU
		Release|Mixed Platforms = Release|Mixed Platforms
		Release|x86 = Release|x86
	EndGlobalSection
	GlobalSection(ProjectConfigurationPlatforms) = postSolution
		{193BB801-054F-4729-9D5D-FCE1E32594BF}.Debug|Any CPU.ActiveCfg = Debug|Any CPU
		{193BB801-054F-4729-9D5D-FCE1E32594BF}.Debug|Any CPU.Build.0 = Debug|Any CPU
		{193BB801-054F-4729-9D5D-FCE1E32594BF}.Debug|Mixed Platforms.ActiveCfg = Debug|Any CPU
		{193BB801-054F-4729-9D5D-FCE1E32594BF}.Debug|Mixed Platforms.Build.0 = Debug|Any CPU
		{193BB801-054F-4729-9D5D-FCE1E32594BF}.Debug|x86.ActiveCfg = Debug|Any CPU
		{193BB801-054F-4729-9D5D-FCE1E32594BF}.Release|Any CPU.ActiveCfg = Release|Any CPU
		{193BB801-054F-4729-9D5D-FCE1E32594BF}.Release|Any CPU.Build.0 = Release|Any CPU
		{193BB801-054F-4729-9D5D-FCE1E32594BF}.Release|Mixed Platforms.ActiveCfg = Release|Any CPU
		{193BB801-054F-4729-9D5D-FCE1E32594BF}.Release|Mixed Platforms.Build.0 = Release|Any CPU
		{193BB801-054F-4729-9D5D-FCE1E32594BF}.Release|x86.ActiveCfg = Release|Any CPU
		{1028002A-BBE2-4FF2-94B7-A8368A8F6887}.Debug|Any CPU.ActiveCfg = Debug|Any CPU
		{1028002A-BBE2-4FF2-94B7-A8368A8F6887}.Debug|Any CPU.Build.0 = Debug|Any CPU
		{1028002A-BBE2-4FF2-94B7-A8368A8F6887}.Debug|Mixed Platforms.ActiveCfg = Debug|Any CPU
		{1028002A-BBE2-4FF2-94B7-A8368A8F6887}.Debug|Mixed Platforms.Build.0 = Debug|Any CPU
		{1028002A-BBE2-4FF2-94B7-A8368A8F6887}.Debug|x86.ActiveCfg = Debug|Any CPU
		{1028002A-BBE2-4FF2-94B7-A8368A8F6887}.Release|Any CPU.ActiveCfg = Release|Any CPU
		{1028002A-BBE2-4FF2-94B7-A8368A8F6887}.Release|Any CPU.Build.0 = Release|Any CPU
		{1028002A-BBE2-4FF2-94B7-A8368A8F6887}.Release|Mixed Platforms.ActiveCfg = Release|Any CPU
		{1028002A-BBE2-4FF2-94B7-A8368A8F6887}.Release|Mixed Platforms.Build.0 = Release|Any CPU
		{1028002A-BBE2-4FF2-94B7-A8368A8F6887}.Release|x86.ActiveCfg = Release|Any CPU
		{28FD0302-1475-49B0-AE56-7712449D2EAF}.Debug|Any CPU.ActiveCfg = Debug|Any CPU
		{28FD0302-1475-49B0-AE56-7712449D2EAF}.Debug|Any CPU.Build.0 = Debug|Any CPU
		{28FD0302-1475-49B0-AE56-7712449D2EAF}.Debug|Mixed Platforms.ActiveCfg = Debug|Any CPU
		{28FD0302-1475-49B0-AE56-7712449D2EAF}.Debug|Mixed Platforms.Build.0 = Debug|Any CPU
		{28FD0302-1475-49B0-AE56-7712449D2EAF}.Debug|x86.ActiveCfg = Debug|Any CPU
		{28FD0302-1475-49B0-AE56-7712449D2EAF}.Release|Any CPU.ActiveCfg = Release|Any CPU
		{28FD0302-1475-49B0-AE56-7712449D2EAF}.Release|Any CPU.Build.0 = Release|Any CPU
		{28FD0302-1475-49B0-AE56-7712449D2EAF}.Release|Mixed Platforms.ActiveCfg = Release|Any CPU
		{28FD0302-1475-49B0-AE56-7712449D2EAF}.Release|Mixed Platforms.Build.0 = Release|Any CPU
		{28FD0302-1475-49B0-AE56-7712449D2EAF}.Release|x86.ActiveCfg = Release|Any CPU
		{583C56E1-C46A-43AD-BB37-DE2209432126}.Debug|Any CPU.ActiveCfg = Debug|Any CPU
		{583C56E1-C46A-43AD-BB37-DE2209432126}.Debug|Any CPU.Build.0 = Debug|Any CPU
		{583C56E1-C46A-43AD-BB37-DE2209432126}.Debug|Mixed Platforms.ActiveCfg = Debug|Any CPU
		{583C56E1-C46A-43AD-BB37-DE2209432126}.Debug|Mixed Platforms.Build.0 = Debug|Any CPU
		{583C56E1-C46A-43AD-BB37-DE2209432126}.Debug|x86.ActiveCfg = Debug|Any CPU
		{583C56E1-C46A-43AD-BB37-DE2209432126}.Release|Any CPU.ActiveCfg = Release|Any CPU
		{583C56E1-C46A-43AD-BB37-DE2209432126}.Release|Any CPU.Build.0 = Release|Any CPU
		{583C56E1-C46A-43AD-BB37-DE2209432126}.Release|Mixed Platforms.ActiveCfg = Release|Any CPU
		{583C56E1-C46A-43AD-BB37-DE2209432126}.Release|Mixed Platforms.Build.0 = Release|Any CPU
		{583C56E1-C46A-43AD-BB37-DE2209432126}.Release|x86.ActiveCfg = Release|Any CPU
		{56BB5DD2-1BA9-42E0-A449-8FB84DA95C6E}.Debug|Any CPU.ActiveCfg = Debug|Any CPU
		{56BB5DD2-1BA9-42E0-A449-8FB84DA95C6E}.Debug|Any CPU.Build.0 = Debug|Any CPU
		{56BB5DD2-1BA9-42E0-A449-8FB84DA95C6E}.Debug|Mixed Platforms.ActiveCfg = Debug|Any CPU
		{56BB5DD2-1BA9-42E0-A449-8FB84DA95C6E}.Debug|Mixed Platforms.Build.0 = Debug|Any CPU
		{56BB5DD2-1BA9-42E0-A449-8FB84DA95C6E}.Debug|x86.ActiveCfg = Debug|Any CPU
		{56BB5DD2-1BA9-42E0-A449-8FB84DA95C6E}.Debug|x86.Build.0 = Debug|Any CPU
		{56BB5DD2-1BA9-42E0-A449-8FB84DA95C6E}.Release|Any CPU.ActiveCfg = Release|Any CPU
		{56BB5DD2-1BA9-42E0-A449-8FB84DA95C6E}.Release|Any CPU.Build.0 = Release|Any CPU
		{56BB5DD2-1BA9-42E0-A449-8FB84DA95C6E}.Release|Mixed Platforms.ActiveCfg = Release|Any CPU
		{56BB5DD2-1BA9-42E0-A449-8FB84DA95C6E}.Release|Mixed Platforms.Build.0 = Release|Any CPU
		{56BB5DD2-1BA9-42E0-A449-8FB84DA95C6E}.Release|x86.ActiveCfg = Release|Any CPU
		{56BB5DD2-1BA9-42E0-A449-8FB84DA95C6E}.Release|x86.Build.0 = Release|Any CPU
	EndGlobalSection
	GlobalSection(SolutionProperties) = preSolution
		HideSolutionNode = FALSE
	EndGlobalSection
EndGlobal
